lockfileVersion: '9.0'

settings:
  autoInstallPeers: true
  excludeLinksFromLockfile: false

importers:

  .: {}

  apps/cms: {}

  apps/site: {}

  infra:
    dependencies:
      aws-cdk-lib:
        specifier: 2.258.1
        version: 2.258.1(constructs@10.6.0)
      constructs:
        specifier: 10.6.0
        version: 10.6.0
    devDependencies:
      aws-cdk:
        specifier: 2.1007.0
        version: 2.1007.0

  packages/shared: {}

packages:

  '@aws-cdk/asset-awscli-v1@2.2.282':
    resolution: {integrity: sha512-7hKMi5tTxDcKGIMIOq14PnY0GBcugW33Uh/2YHDZiEwSxLeFOCYBwhR+BFXONb/EJeVI3RETFgailNZbkcKF6g==}

  '@aws-cdk/asset-node-proxy-agent-v6@2.1.2':
    resolution: {integrity: sha512-pDiuqH+qY3zM9lhhLjbKJ1tnKOHzQ2V4Wr/3qsxyKeKAkuPMI/BVGvZG1PbrikUw949cGVTfVEt4ETKKYnrj0Q==}

  '@aws-cdk/cloud-assembly-schema@54.2.0':
    resolution: {integrity: sha512-u3lFXmiXSBozxGBmKTCVD/2mTDsaXzLZH3KYiIQKcB+zPldXOeE5TnooBgKV9ih2jVTo8ML0HpkhfAq2eiv0eQ==}
    engines: {node: '>= 18.0.0'}
    bundledDependencies:
      - jsonschema
      - semver

  aws-cdk-lib@2.258.1:
    resolution: {integrity: sha512-isYgP0GASgTY99J3753iN6SLP05wEuinToE+p+Yat0d5Xi55iOtd5HFzBBklOb77FO5R3pikY6r9qaRSZUAwWA==}
    engines: {node: '>= 20.0.0'}
    peerDependencies:
      constructs: ^10.5.0
    bundledDependencies:
      - '@balena/dockerignore'
      - '@aws-cdk/cloud-assembly-api'
      - case
      - fs-extra
      - ignore
      - jsonschema
      - minimatch
      - punycode
      - semver
      - table
      - yaml
      - mime-types

  aws-cdk@2.1007.0:
    resolution: {integrity: sha512-/UOYOTGWUm+pP9qxg03tID5tL6euC+pb+xo0RBue+xhnUWwj/Bbsw6DbqbpOPMrNzTUxmM723/uMEQmM6S26dw==}
    engines: {node: '>= 14.15.0'}
    hasBin: true

  constructs@10.6.0:
    resolution: {integrity: sha512-TxHOnBO5zMo/G76ykzGF/wMpEHu257TbWiIxP9K0Yv/+t70UzgBQiTqjkAsWOPC6jW91DzJI0+ehQV6xDRNBuQ==}

  fsevents@2.3.2:
    resolution: {integrity: sha512-xiqMQR4xAeHTuB9uWm+fFRcIOgKBMiOBP+eXiyT7jsgVCq1bkVygt00oASowB7EdtpOHaaPgKt812P9ab+DDKA==}
    engines: {node: ^8.16.0 || ^10.6.0 || >=11.0.0}
    os: [darwin]

snapshots:

  '@aws-cdk/asset-awscli-v1@2.2.282': {}

  '@aws-cdk/asset-node-proxy-agent-v6@2.1.2': {}

  '@aws-cdk/cloud-assembly-schema@54.2.0': {}

  aws-cdk-lib@2.258.1(constructs@10.6.0):
    dependencies:
      '@aws-cdk/asset-awscli-v1': 2.2.282
      '@aws-cdk/asset-node-proxy-agent-v6': 2.1.2
      '@aws-cdk/cloud-assembly-schema': 54.2.0
      constructs: 10.6.0

  aws-cdk@2.1007.0:
    optionalDependencies:
      fsevents: 2.3.2

  constructs@10.6.0: {}

  fsevents@2.3.2:
    optional: true
