lockfileVersion: '9.0'

settings:
  autoInstallPeers: true
  excludeLinksFromLockfile: false

importers:

  .: {}

  apps/cms: {}

  apps/site: {}

  infra:
    dependencies:
      aws-cdk-lib:
        specifier: 2.199.0
        version: 2.199.0(constructs@10.6.0)
      constructs:
        specifier: 10.6.0
        version: 10.6.0
    devDependencies:
      aws-cdk:
        specifier: 2.1126.0
        version: 2.1126.0

  packages/shared: {}

packages:

  '@aws-cdk/asset-awscli-v1@2.2.237':
    resolution: {integrity: sha512-OlXylbXI52lboFVJBFLae+WB99qWmI121x/wXQHEMj2RaVNVbWE+OAHcDk2Um1BitUQCaTf9ki57B0Fuqx0Rvw==}

  '@aws-cdk/asset-node-proxy-agent-v6@2.1.2':
    resolution: {integrity: sha512-pDiuqH+qY3zM9lhhLjbKJ1tnKOHzQ2V4Wr/3qsxyKeKAkuPMI/BVGvZG1PbrikUw949cGVTfVEt4ETKKYnrj0Q==}

  '@aws-cdk/cloud-assembly-schema@41.2.0':
    resolution: {integrity: sha512-JaulVS6z9y5+u4jNmoWbHZRs9uGOnmn/ktXygNWKNu1k6lF3ad4so3s18eRu15XCbUIomxN9WPYT6Ehh7hzONw==}
    engines: {node: '>= 14.15.0'}
    bundledDependencies:
      - jsonschema
      - semver

  aws-cdk-lib@2.199.0:
    resolution: {integrity: sha512-hAZHdb7bPHepIGpuyg0jS/F3toY7VRvJDqxo4+C2cYY5zvktGP3lgcC9ukE2ehxYU1Pa9YOAehEDIxrita0Hvw==}
    engines: {node: '>= 14.15.0'}
    peerDependencies:
      constructs: ^10.0.0
    bundledDependencies:
      - '@balena/dockerignore'
      - case
      - fs-extra
      - ignore
      - jsonschema
      - minimatch
      - punycode
      - semver
      - table
      - yaml
      - mime-types

  aws-cdk@2.1126.0:
    resolution: {integrity: sha512-uNoocb3vCPiAT3j9+SwL6pn/VVggHWBsgC2XpxyhNvYQYt6cE9BM/149GWwtdcwnLrPjnwW1+CV/5nSSh5dV+w==}
    engines: {node: '>= 18.0.0'}
    hasBin: true

  constructs@10.6.0:
    resolution: {integrity: sha512-TxHOnBO5zMo/G76ykzGF/wMpEHu257TbWiIxP9K0Yv/+t70UzgBQiTqjkAsWOPC6jW91DzJI0+ehQV6xDRNBuQ==}

snapshots:

  '@aws-cdk/asset-awscli-v1@2.2.237': {}

  '@aws-cdk/asset-node-proxy-agent-v6@2.1.2': {}

  '@aws-cdk/cloud-assembly-schema@41.2.0': {}

  aws-cdk-lib@2.199.0(constructs@10.6.0):
    dependencies:
      '@aws-cdk/asset-awscli-v1': 2.2.237
      '@aws-cdk/asset-node-proxy-agent-v6': 2.1.2
      '@aws-cdk/cloud-assembly-schema': 41.2.0
      constructs: 10.6.0

  aws-cdk@2.1126.0: {}

  constructs@10.6.0: {}
